// !$*UTF8*$!
{
	archiveVersion = 1;
	classes = {
	};
	objectVersion = 48;
	objects = {

/* Begin PBXBuildFile section */
		D857250F1F9305C30043AF48 /* CPDemoImagePickerViewController.swift in Sources */ = {isa = PBXBuildFile; fileRef = D857250E1F9305C30043AF48 /* CPDemoImagePickerViewController.swift */; };
		D85725121F93D34F0043AF48 /* CPDemoMapViewController.swift in Sources */ = {isa = PBXBuildFile; fileRef = D85725111F93D34F0043AF48 /* CPDemoMapViewController.swift */; };
		D85725131F943B270043AF48 /* KungfuPanda.jpg in Resources */ = {isa = PBXBuildFile; fileRef = D8C8EAE51F8C961B00ADABC2 /* KungfuPanda.jpg */; };
		D8B23F251F8B17DD00ECD0A2 /* AppDelegate.swift in Sources */ = {isa = PBXBuildFile; fileRef = D8B23F241F8B17DD00ECD0A2 /* AppDelegate.swift */; };
		D8B23F271F8B17DD00ECD0A2 /* MenuViewController.swift in Sources */ = {isa = PBXBuildFile; fileRef = D8B23F261F8B17DD00ECD0A2 /* MenuViewController.swift */; };
		D8B23F2A1F8B17DD00ECD0A2 /* Main.storyboard in Resources */ = {isa = PBXBuildFile; fileRef = D8B23F281F8B17DD00ECD0A2 /* Main.storyboard */; };
		D8B23F2C1F8B17DD00ECD0A2 /* Assets.xcassets in Resources */ = {isa = PBXBuildFile; fileRef = D8B23F2B1F8B17DD00ECD0A2 /* Assets.xcassets */; };
		D8B23F2F1F8B17DD00ECD0A2 /* LaunchScreen.storyboard in Resources */ = {isa = PBXBuildFile; fileRef = D8B23F2D1F8B17DD00ECD0A2 /* LaunchScreen.storyboard */; };
		D8B23F381F8B1EE400ECD0A2 /* Friend.swift in Sources */ = {isa = PBXBuildFile; fileRef = D8B23F371F8B1EE400ECD0A2 /* Friend.swift */; };
		D8B23F3A1F8B2C3900ECD0A2 /* CPDemoContactsViewController.swift in Sources */ = {isa = PBXBuildFile; fileRef = D8B23F391F8B2C3900ECD0A2 /* CPDemoContactsViewController.swift */; };
		D8B23F3C1F8B2D5500ECD0A2 /* ContactCell.swift in Sources */ = {isa = PBXBuildFile; fileRef = D8B23F3B1F8B2D5500ECD0A2 /* ContactCell.swift */; };
		D8BD768D1F929E0000CBB6AE /* CPDemoLocationViewController.swift in Sources */ = {isa = PBXBuildFile; fileRef = D8BD768C1F929E0000CBB6AE /* CPDemoLocationViewController.swift */; };
		D8C8EAE41F8C7BB500ADABC2 /* CPDemoNotificationsViewController.swift in Sources */ = {isa = PBXBuildFile; fileRef = D8C8EAE31F8C7BB500ADABC2 /* CPDemoNotificationsViewController.swift */; };
/* End PBXBuildFile section */

/* Begin PBXFileReference section */
		D857250C1F92F6AF0043AF48 /* Offices.gpx */ = {isa = PBXFileReference; lastKnownFileType = text.xml; path = Offices.gpx; sourceTree = "<group>"; };
		D857250E1F9305C30043AF48 /* CPDemoImagePickerViewController.swift */ = {isa = PBXFileReference; lastKnownFileType = sourcecode.swift; path = CPDemoImagePickerViewController.swift; sourceTree = "<group>"; };
		D85725111F93D34F0043AF48 /* CPDemoMapViewController.swift */ = {isa = PBXFileReference; lastKnownFileType = sourcecode.swift; path = CPDemoMapViewController.swift; sourceTree = "<group>"; };
		D8B23F211F8B17DD00ECD0A2 /* AllInOneDemo.app */ = {isa = PBXFileReference; explicitFileType = wrapper.application; includeInIndex = 0; path = AllInOneDemo.app; sourceTree = BUILT_PRODUCTS_DIR; };
		D8B23F241F8B17DD00ECD0A2 /* AppDelegate.swift */ = {isa = PBXFileReference; lastKnownFileType = sourcecode.swift; path = AppDelegate.swift; sourceTree = "<group>"; };
		D8B23F261F8B17DD00ECD0A2 /* MenuViewController.swift */ = {isa = PBXFileReference; lastKnownFileType = sourcecode.swift; path = MenuViewController.swift; sourceTree = "<group>"; };
		D8B23F291F8B17DD00ECD0A2 /* Base */ = {isa = PBXFileReference; lastKnownFileType = file.storyboard; name = Base; path = Base.lproj/Main.storyboard; sourceTree = "<group>"; };
		D8B23F2B1F8B17DD00ECD0A2 /* Assets.xcassets */ = {isa = PBXFileReference; lastKnownFileType = folder.assetcatalog; path = Assets.xcassets; sourceTree = "<group>"; };
		D8B23F2E1F8B17DD00ECD0A2 /* Base */ = {isa = PBXFileReference; lastKnownFileType = file.storyboard; name = Base; path = Base.lproj/LaunchScreen.storyboard; sourceTree = "<group>"; };
		D8B23F301F8B17DD00ECD0A2 /* Info.plist */ = {isa = PBXFileReference; lastKnownFileType = text.plist.xml; path = Info.plist; sourceTree = "<group>"; };
		D8B23F371F8B1EE400ECD0A2 /* Friend.swift */ = {isa = PBXFileReference; lastKnownFileType = sourcecode.swift; path = Friend.swift; sourceTree = "<group>"; };
		D8B23F391F8B2C3900ECD0A2 /* CPDemoContactsViewController.swift */ = {isa = PBXFileReference; lastKnownFileType = sourcecode.swift; path = CPDemoContactsViewController.swift; sourceTree = "<group>"; };
		D8B23F3B1F8B2D5500ECD0A2 /* ContactCell.swift */ = {isa = PBXFileReference; lastKnownFileType = sourcecode.swift; path = ContactCell.swift; sourceTree = "<group>"; };
		D8BD768C1F929E0000CBB6AE /* CPDemoLocationViewController.swift */ = {isa = PBXFileReference; lastKnownFileType = sourcecode.swift; path = CPDemoLocationViewController.swift; sourceTree = "<group>"; };
		D8C8EAE31F8C7BB500ADABC2 /* CPDemoNotificationsViewController.swift */ = {isa = PBXFileReference; lastKnownFileType = sourcecode.swift; path = CPDemoNotificationsViewController.swift; sourceTree = "<group>"; };
		D8C8EAE51F8C961B00ADABC2 /* KungfuPanda.jpg */ = {isa = PBXFileReference; lastKnownFileType = image.jpeg; path = KungfuPanda.jpg; sourceTree = "<group>"; };
/* End PBXFileReference section */

/* Begin PBXFrameworksBuildPhase section */
		D8B23F1E1F8B17DD00ECD0A2 /* Frameworks */ = {
			isa = PBXFrameworksBuildPhase;
			buildActionMask = 2147483647;
			files = (
			);
			runOnlyForDeploymentPostprocessing = 0;
		};
/* End PBXFrameworksBuildPhase section */

/* Begin PBXGroup section */
		D857250D1F9305900043AF48 /* Image Picker */ = {
			isa = PBXGroup;
			children = (
				D857250E1F9305C30043AF48 /* CPDemoImagePickerViewController.swift */,
			);
			path = "Image Picker";
			sourceTree = "<group>";
		};
		D85725101F93D32D0043AF48 /* Map */ = {
			isa = PBXGroup;
			children = (
				D85725111F93D34F0043AF48 /* CPDemoMapViewController.swift */,
			);
			path = Map;
			sourceTree = "<group>";
		};
		D8B23F181F8B17DD00ECD0A2 = {
			isa = PBXGroup;
			children = (
				D8B23F231F8B17DD00ECD0A2 /* AllInOneDemo */,
				D8B23F221F8B17DD00ECD0A2 /* Products */,
			);
			sourceTree = "<group>";
		};
		D8B23F221F8B17DD00ECD0A2 /* Products */ = {
			isa = PBXGroup;
			children = (
				D8B23F211F8B17DD00ECD0A2 /* AllInOneDemo.app */,
			);
			name = Products;
			sourceTree = "<group>";
		};
		D8B23F231F8B17DD00ECD0A2 /* AllInOneDemo */ = {
			isa = PBXGroup;
			children = (
				D85725101F93D32D0043AF48 /* Map */,
				D857250D1F9305900043AF48 /* Image Picker */,
				D857250C1F92F6AF0043AF48 /* Offices.gpx */,
				D8BD768B1F929DDE00CBB6AE /* Location */,
				D8C8EAE51F8C961B00ADABC2 /* KungfuPanda.jpg */,
				D8C8EAE21F8C7B7200ADABC2 /* Notifications */,
				D8B23F361F8B1E7800ECD0A2 /* Contacts */,
				D8B23F241F8B17DD00ECD0A2 /* AppDelegate.swift */,
				D8B23F261F8B17DD00ECD0A2 /* MenuViewController.swift */,
				D8B23F281F8B17DD00ECD0A2 /* Main.storyboard */,
				D8B23F2B1F8B17DD00ECD0A2 /* Assets.xcassets */,
				D8B23F2D1F8B17DD00ECD0A2 /* LaunchScreen.storyboard */,
				D8B23F301F8B17DD00ECD0A2 /* Info.plist */,
			);
			path = AllInOneDemo;
			sourceTree = "<group>";
		};
		D8B23F361F8B1E7800ECD0A2 /* Contacts */ = {
			isa = PBXGroup;
			children = (
				D8B23F3B1F8B2D5500ECD0A2 /* ContactCell.swift */,
				D8B23F371F8B1EE400ECD0A2 /* Friend.swift */,
				D8B23F391F8B2C3900ECD0A2 /* CPDemoContactsViewController.swift */,
			);
			path = Contacts;
			sourceTree = "<group>";
		};
		D8BD768B1F929DDE00CBB6AE /* Location */ = {
			isa = PBXGroup;
			children = (
				D8BD768C1F929E0000CBB6AE /* CPDemoLocationViewController.swift */,
			);
			path = Location;
			sourceTree = "<group>";
		};
		D8C8EAE21F8C7B7200ADABC2 /* Notifications */ = {
			isa = PBXGroup;
			children = (
				D8C8EAE31F8C7BB500ADABC2 /* CPDemoNotificationsViewController.swift */,
			);
			path = Notifications;
			sourceTree = "<group>";
		};
/* End PBXGroup section */

/* Begin PBXNativeTarget section */
		D8B23F201F8B17DD00ECD0A2 /* AllInOneDemo */ = {
			isa = PBXNativeTarget;
			buildConfigurationList = D8B23F331F8B17DD00ECD0A2 /* Build configuration list for PBXNativeTarget "AllInOneDemo" */;
			buildPhases = (
				D8B23F1D1F8B17DD00ECD0A2 /* Sources */,
				D8B23F1E1F8B17DD00ECD0A2 /* Frameworks */,
				D8B23F1F1F8B17DD00ECD0A2 /* Resources */,
			);
			buildRules = (
			);
			dependencies = (
			);
			name = AllInOneDemo;
			productName = AllInOneDemo;
			productReference = D8B23F211F8B17DD00ECD0A2 /* AllInOneDemo.app */;
			productType = "com.apple.product-type.application";
		};
/* End PBXNativeTarget section */

/* Begin PBXProject section */
		D8B23F191F8B17DD00ECD0A2 /* Project object */ = {
			isa = PBXProject;
			attributes = {
				LastSwiftUpdateCheck = 0900;
				LastUpgradeCheck = 0900;
				ORGANIZATIONNAME = Nirvana;
				TargetAttributes = {
					D8B23F201F8B17DD00ECD0A2 = {
						CreatedOnToolsVersion = 9.0;
						ProvisioningStyle = Automatic;
						SystemCapabilities = {
							com.apple.BackgroundModes = {
								enabled = 1;
							};
						};
					};
				};
			};
			buildConfigurationList = D8B23F1C1F8B17DD00ECD0A2 /* Build configuration list for PBXProject "AllInOneDemo" */;
			compatibilityVersion = "Xcode 8.0";
			developmentRegion = en;
			hasScannedForEncodings = 0;
			knownRegions = (
				en,
				Base,
			);
			mainGroup = D8B23F181F8B17DD00ECD0A2;
			productRefGroup = D8B23F221F8B17DD00ECD0A2 /* Products */;
			projectDirPath = "";
			projectRoot = "";
			targets = (
				D8B23F201F8B17DD00ECD0A2 /* AllInOneDemo */,
			);
		};
/* End PBXProject section */

/* Begin PBXResourcesBuildPhase section */
		D8B23F1F1F8B17DD00ECD0A2 /* Resources */ = {
			isa = PBXResourcesBuildPhase;
			buildActionMask = 2147483647;
			files = (
				D8B23F2F1F8B17DD00ECD0A2 /* LaunchScreen.storyboard in Resources */,
				D8B23F2C1F8B17DD00ECD0A2 /* Assets.xcassets in Resources */,
				D85725131F943B270043AF48 /* KungfuPanda.jpg in Resources */,
				D8B23F2A1F8B17DD00ECD0A2 /* Main.storyboard in Resources */,
			);
			runOnlyForDeploymentPostprocessing = 0;
		};
/* End PBXResourcesBuildPhase section */

/* Begin PBXSourcesBuildPhase section */
		D8B23F1D1F8B17DD00ECD0A2 /* Sources */ = {
			isa = PBXSourcesBuildPhase;
			buildActionMask = 2147483647;
			files = (
				D857250F1F9305C30043AF48 /* CPDemoImagePickerViewController.swift in Sources */,
				D85725121F93D34F0043AF48 /* CPDemoMapViewController.swift in Sources */,
				D8B23F381F8B1EE400ECD0A2 /* Friend.swift in Sources */,
				D8C8EAE41F8C7BB500ADABC2 /* CPDemoNotificationsViewController.swift in Sources */,
				D8B23F3A1F8B2C3900ECD0A2 /* CPDemoContactsViewController.swift in Sources */,
				D8B23F271F8B17DD00ECD0A2 /* MenuViewController.swift in Sources */,
				D8B23F251F8B17DD00ECD0A2 /* AppDelegate.swift in Sources */,
				D8B23F3C1F8B2D5500ECD0A2 /* ContactCell.swift in Sources */,
				D8BD768D1F929E0000CBB6AE /* CPDemoLocationViewController.swift in Sources */,
			);
			runOnlyForDeploymentPostprocessing = 0;
		};
/* End PBXSourcesBuildPhase section */

/* Begin PBXVariantGroup section */
		D8B23F281F8B17DD00ECD0A2 /* Main.storyboard */ = {
			isa = PBXVariantGroup;
			children = (
				D8B23F291F8B17DD00ECD0A2 /* Base */,
			);
			name = Main.storyboard;
			sourceTree = "<group>";
		};
		D8B23F2D1F8B17DD00ECD0A2 /* LaunchScreen.storyboard */ = {
			isa = PBXVariantGroup;
			children = (
				D8B23F2E1F8B17DD00ECD0A2 /* Base */,
			);
			name = LaunchScreen.storyboard;
			sourceTree = "<group>";
		};
/* End PBXVariantGroup section */

/* Begin XCBuildConfiguration section */
		D8B23F311F8B17DD00ECD0A2 /* Debug */ = {
			isa = XCBuildConfiguration;
			buildSettings = {
				ALWAYS_SEARCH_USER_PATHS = NO;
				CLANG_ANALYZER_NONNULL = YES;
				CLANG_ANALYZER_NUMBER_OBJECT_CONVERSION = YES_AGGRESSIVE;
				CLANG_CXX_LANGUAGE_STANDARD = "gnu++14";
				CLANG_CXX_LIBRARY = "libc++";
				CLANG_ENABLE_MODULES = YES;
				CLANG_ENABLE_OBJC_ARC = YES;
				CLANG_WARN_BLOCK_CAPTURE_AUTORELEASING = YES;
				CLANG_WARN_BOOL_CONVERSION = YES;
				CLANG_WARN_COMMA = YES;
				CLANG_WARN_CONSTANT_CONVERSION = YES;
				CLANG_WARN_DIRECT_OBJC_ISA_USAGE = YES_ERROR;
				CLANG_WARN_DOCUMENTATION_COMMENTS = YES;
				CLANG_WARN_EMPTY_BODY = YES;
				CLANG_WARN_ENUM_CONVERSION = YES;
				CLANG_WARN_INFINITE_RECURSION = YES;
				CLANG_WARN_INT_CONVERSION = YES;
				CLANG_WARN_NON_LITERAL_NULL_CONVERSION = YES;
				CLANG_WARN_OBJC_LITERAL_CONVERSION = YES;
				CLANG_WARN_OBJC_ROOT_CLASS = YES_ERROR;
				CLANG_WARN_RANGE_LOOP_ANALYSIS = YES;
				CLANG_WARN_STRICT_PROTOTYPES = YES;
				CLANG_WARN_SUSPICIOUS_MOVE = YES;
				CLANG_WARN_UNGUARDED_AVAILABILITY = YES_AGGRESSIVE;
				CLANG_WARN_UNREACHABLE_CODE = YES;
				CLANG_WARN__DUPLICATE_METHOD_MATCH = YES;
				CODE_SIGN_IDENTITY = "iPhone Developer";
				COPY_PHASE_STRIP = NO;
				DEBUG_INFORMATION_FORMAT = dwarf;
				ENABLE_STRICT_OBJC_MSGSEND = YES;
				ENABLE_TESTABILITY = YES;
				GCC_C_LANGUAGE_STANDARD = gnu11;
				GCC_DYNAMIC_NO_PIC = NO;
				GCC_NO_COMMON_BLOCKS = YES;
				GCC_OPTIMIZATION_LEVEL = 0;
				GCC_PREPROCESSOR_DEFINITIONS = (
					"DEBUG=1",
					"$(inherited)",
				);
				GCC_WARN_64_TO_32_BIT_CONVERSION = YES;
				GCC_WARN_ABOUT_RETURN_TYPE = YES_ERROR;
				GCC_WARN_UNDECLARED_SELECTOR = YES;
				GCC_WARN_UNINITIALIZED_AUTOS = YES_AGGRESSIVE;
				GCC_WARN_UNUSED_FUNCTION = YES;
				GCC_WARN_UNUSED_VARIABLE = YES;
				IPHONEOS_DEPLOYMENT_TARGET = 11.0;
				MTL_ENABLE_DEBUG_INFO = YES;
				ONLY_ACTIVE_ARCH = YES;
				SDKROOT = iphoneos;
				SWIFT_ACTIVE_COMPILATION_CONDITIONS = DEBUG;
				SWIFT_OPTIMIZATION_LEVEL = "-Onone";
			};
			name = Debug;
		};
		D8B23F321F8B17DD00ECD0A2 /* Release */ = {
			isa = XCBuildConfiguration;
			buildSettings = {
				ALWAYS_SEARCH_USER_PATHS = NO;
				CLANG_ANALYZER_NONNULL = YES;
				CLANG_ANALYZER_NUMBER_OBJECT_CONVERSION = YES_AGGRESSIVE;
				CLANG_CXX_LANGUAGE_STANDARD = "gnu++14";
				CLANG_CXX_LIBRARY = "libc++";
				CLANG_ENABLE_MODULES = YES;
				CLANG_ENABLE_OBJC_ARC = YES;
				CLANG_WARN_BLOCK_CAPTURE_AUTORELEASING = YES;
				CLANG_WARN_BOOL_CONVERSION = YES;
				CLANG_WARN_COMMA = YES;
				CLANG_WARN_CONSTANT_CONVERSION = YES;
				CLANG_WARN_DIRECT_OBJC_ISA_USAGE = YES_ERROR;
				CLANG_WARN_DOCUMENTATION_COMMENTS = YES;
				CLANG_WARN_EMPTY_BODY = YES;
				CLANG_WARN_ENUM_CONVERSION = YES;
				CLANG_WARN_INFINITE_RECURSION = YES;
				CLANG_WARN_INT_CONVERSION = YES;
				CLANG_WARN_NON_LITERAL_NULL_CONVERSION = YES;
				CLANG_WARN_OBJC_LITERAL_CONVERSION = YES;
				CLANG_WARN_OBJC_ROOT_CLASS = YES_ERROR;
				CLANG_WARN_RANGE_LOOP_ANALYSIS = YES;
				CLANG_WARN_STRICT_PROTOTYPES = YES;
				CLANG_WARN_SUSPICIOUS_MOVE = YES;
				CLANG_WARN_UNGUARDED_AVAILABILITY = YES_AGGRESSIVE;
				CLANG_WARN_UNREACHABLE_CODE = YES;
				CLANG_WARN__DUPLICATE_METHOD_MATCH = YES;
				CODE_SIGN_IDENTITY = "iPhone Developer";
				COPY_PHASE_STRIP = NO;
				DEBUG_INFORMATION_FORMAT = "dwarf-with-dsym";
				ENABLE_NS_ASSERTIONS = NO;
				ENABLE_STRICT_OBJC_MSGSEND = YES;
				GCC_C_LANGUAGE_STANDARD = gnu11;
				GCC_NO_COMMON_BLOCKS = YES;
				GCC_WARN_64_TO_32_BIT_CONVERSION = YES;
				GCC_WARN_ABOUT_RETURN_TYPE = YES_ERROR;
				GCC_WARN_UNDECLARED_SELECTOR = YES;
				GCC_WARN_UNINITIALIZED_AUTOS = YES_AGGRESSIVE;
				GCC_WARN_UNUSED_FUNCTION = YES;
				GCC_WARN_UNUSED_VARIABLE = YES;
				IPHONEOS_DEPLOYMENT_TARGET = 11.0;
				MTL_ENABLE_DEBUG_INFO = NO;
				SDKROOT = iphoneos;
				SWIFT_OPTIMIZATION_LEVEL = "-Owholemodule";
				VALIDATE_PRODUCT = YES;
			};
			name = Release;
		};
		D8B23F341F8B17DD00ECD0A2 /* Debug */ = {
			isa = XCBuildConfiguration;
			buildSettings = {
				ASSETCATALOG_COMPILER_APPICON_NAME = AppIcon;
				CODE_SIGN_STYLE = Automatic;
				DEVELOPMENT_TEAM = EED2NPQ7J8;
				INFOPLIST_FILE = AllInOneDemo/Info.plist;
				LD_RUNPATH_SEARCH_PATHS = "$(inherited) @executable_path/Frameworks";
				PRODUCT_BUNDLE_IDENTIFIER = com.vvoora.codepath.AllInOneDemo;
				PRODUCT_NAME = "$(TARGET_NAME)";
				SWIFT_VERSION = 4.0;
				TARGETED_DEVICE_FAMILY = "1,2";
			};
			name = Debug;
		};
		D8B23F351F8B17DD00ECD0A2 /* Release */ = {
			isa = XCBuildConfiguration;
			buildSettings = {
				ASSETCATALOG_COMPILER_APPICON_NAME = AppIcon;
				CODE_SIGN_STYLE = Automatic;
				DEVELOPMENT_TEAM = EED2NPQ7J8;
				INFOPLIST_FILE = AllInOneDemo/Info.plist;
				LD_RUNPATH_SEARCH_PATHS = "$(inherited) @executable_path/Frameworks";
				PRODUCT_BUNDLE_IDENTIFIER = com.vvoora.codepath.AllInOneDemo;
				PRODUCT_NAME = "$(TARGET_NAME)";
				SWIFT_VERSION = 4.0;
				TARGETED_DEVICE_FAMILY = "1,2";
			};
			name = Release;
		};
/* End XCBuildConfiguration section */

/* Begin XCConfigurationList section */
		D8B23F1C1F8B17DD00ECD0A2 /* Build configuration list for PBXProject "AllInOneDemo" */ = {
			isa = XCConfigurationList;
			buildConfigurations = (
				D8B23F311F8B17DD00ECD0A2 /* Debug */,
				D8B23F321F8B17DD00ECD0A2 /* Release */,
			);
			defaultConfigurationIsVisible = 0;
			defaultConfigurationName = Release;
		};
		D8B23F331F8B17DD00ECD0A2 /* Build configuration list for PBXNativeTarget "AllInOneDemo" */ = {
			isa = XCConfigurationList;
			buildConfigurations = (
				D8B23F341F8B17DD00ECD0A2 /* Debug */,
				D8B23F351F8B17DD00ECD0A2 /* Release */,
			);
			defaultConfigurationIsVisible = 0;
			defaultConfigurationName = Release;
		};
/* End XCConfigurationList section */
	};
	rootObject = D8B23F191F8B17DD00ECD0A2 /* Project object */;
}
